{
  "version": 4,
  "terraform_version": "1.13.4",
  "serial": 50,
  "lineage": "7802bdf8-37ba-e895-0c32-9b9679d10d84",
  "outputs": {},
  "resources": [
    {
      "mode": "managed",
      "type": "aws_vpc",
      "name": "this",
      "provider": "provider[\"registry.terraform.io/hashicorp/aws\"]",
      "instances": [
        {
          "schema_version": 1,
          "attributes": {
            "arn": "arn:aws:ec2:us-east-1:434600758347:vpc/vpc-0fdae0ba3d85ecaf1",
            "assign_generated_ipv6_cidr_block": false,
            "cidr_block": "10.0.0.0/16",
            "default_network_acl_id": "acl-011e9d1216172504e",
            "default_route_table_id": "rtb-00061c43ea6e56eb8",
            "default_security_group_id": "sg-0d49d426fa1d69ae0",
            "dhcp_options_id": "dopt-0df9fd86cf06cf315",
            "enable_dns_hostnames": true,
            "enable_dns_support": true,
            "enable_network_address_usage_metrics": false,
            "id": "vpc-0fdae0ba3d85ecaf1",
            "instance_tenancy": "default",
            "ipv4_ipam_pool_id": null,
            "ipv4_netmask_length": null,
            "ipv6_association_id": "",
            "ipv6_cidr_block": "",
            "ipv6_cidr_block_network_border_group": "",
            "ipv6_ipam_pool_id": "",
            "ipv6_netmask_length": 0,
            "main_route_table_id": "rtb-00061c43ea6e56eb8",
            "owner_id": "434600758347",
            "tags": {
              "Env": "dev",
              "Name": "kowshal-opl-vpc",
              "Owner": "Kowshal",
              "Project": "OshawaLibrary"
            },
            "tags_all": {
              "Env": "dev",
              "Name": "kowshal-opl-vpc",
              "Owner": "Kowshal",
              "Project": "OshawaLibrary"
            }
          },
          "sensitive_attributes": [],
          "identity_schema_version": 0,
          "private": "eyJzY2hlbWFfdmVyc2lvbiI6IjEifQ=="
        }
      ]
    }
  ],
  "check_results": null
}
